
Microsoft Visual Studio Solution File, Format Version 12.00
# Visual Studio 2015
Project("{FAE04EC0-301F-11D3-BF4B-00C04F79EFBC}") = "saoReality.CSharp.Plugins", "saoReality.CSharp.Plugins.csproj", "{308D038F-3AFD-7FE3-5C62-2C712A0022A5}"
EndProject
Project("{FAE04EC0-301F-11D3-BF4B-00C04F79EFBC}") = "saoReality.CSharp", "saoReality.CSharp.csproj", "{969CFC79-8FEE-1B26-824C-27F5466795B8}"
EndProject
Project("{FAE04EC0-301F-11D3-BF4B-00C04F79EFBC}") = "saoReality.CSharp.Editor.Plugins", "saoReality.CSharp.Editor.Plugins.csproj", "{0282415B-D5C1-9AD7-4003-807551247C2C}"
EndProject
Project("{FAE04EC0-301F-11D3-BF4B-00C04F79EFBC}") = "saoReality.CSharp.Editor", "saoReality.CSharp.Editor.csproj", "{442E89FD-FCE5-7D4B-93AF-57D9ACF684E8}"
EndProject
Global
	GlobalSection(SolutionConfigurationPlatforms) = preSolution
		Debug|Any CPU = Debug|Any CPU
		Release|Any CPU = Release|Any CPU
	EndGlobalSection
	GlobalSection(ProjectConfigurationPlatforms) = postSolution
		{308D038F-3AFD-7FE3-5C62-2C712A0022A5}.Debug|Any CPU.ActiveCfg = Debug|Any CPU
		{308D038F-3AFD-7FE3-5C62-2C712A0022A5}.Debug|Any CPU.Build.0 = Debug|Any CPU
		{308D038F-3AFD-7FE3-5C62-2C712A0022A5}.Release|Any CPU.ActiveCfg = Release|Any CPU
		{308D038F-3AFD-7FE3-5C62-2C712A0022A5}.Release|Any CPU.Build.0 = Release|Any CPU
		{969CFC79-8FEE-1B26-824C-27F5466795B8}.Debug|Any CPU.ActiveCfg = Debug|Any CPU
		{969CFC79-8FEE-1B26-824C-27F5466795B8}.Debug|Any CPU.Build.0 = Debug|Any CPU
		{969CFC79-8FEE-1B26-824C-27F5466795B8}.Release|Any CPU.ActiveCfg = Release|Any CPU
		{969CFC79-8FEE-1B26-824C-27F5466795B8}.Release|Any CPU.Build.0 = Release|Any CPU
		{0282415B-D5C1-9AD7-4003-807551247C2C}.Debug|Any CPU.ActiveCfg = Debug|Any CPU
		{0282415B-D5C1-9AD7-4003-807551247C2C}.Debug|Any CPU.Build.0 = Debug|Any CPU
		{0282415B-D5C1-9AD7-4003-807551247C2C}.Release|Any CPU.ActiveCfg = Release|Any CPU
		{0282415B-D5C1-9AD7-4003-807551247C2C}.Release|Any CPU.Build.0 = Release|Any CPU
		{442E89FD-FCE5-7D4B-93AF-57D9ACF684E8}.Debug|Any CPU.ActiveCfg = Debug|Any CPU
		{442E89FD-FCE5-7D4B-93AF-57D9ACF684E8}.Debug|Any CPU.Build.0 = Debug|Any CPU
		{442E89FD-FCE5-7D4B-93AF-57D9ACF684E8}.Release|Any CPU.ActiveCfg = Release|Any CPU
		{442E89FD-FCE5-7D4B-93AF-57D9ACF684E8}.Release|Any CPU.Build.0 = Release|Any CPU
	EndGlobalSection
	GlobalSection(SolutionProperties) = preSolution
		HideSolutionNode = FALSE
	EndGlobalSection
EndGlobal
